// !$*UTF8*$!
{
	archiveVersion = 1;
	classes = {
	};
	objectVersion = 51;
	objects = {

/* Begin PBXBuildFile section */
		0D5CA3B7C705AE4DB7F8C16D /* Pods_XLWBUITests.framework in Frameworks */ = {isa = PBXBuildFile; fileRef = D36D01137BB1F7496DEA3500 /* Pods_XLWBUITests.framework */; };
		514A1F92F863ED6FC53E3B9B /* Pods_XLWB.framework in Frameworks */ = {isa = PBXBuildFile; fileRef = 643132514CF41D618408FD14 /* Pods_XLWB.framework */; };
		5D81B3284097D1326322B9E4 /* Pods_XLWBTests.framework in Frameworks */ = {isa = PBXBuildFile; fileRef = 53820AE9E71C5CAD48D29F65 /* Pods_XLWBTests.framework */; };
		EA561AFF231922E800B6E9BC /* BaseTableViewController.swift in Sources */ = {isa = PBXBuildFile; fileRef = EA561AFE231922E800B6E9BC /* BaseTableViewController.swift */; };
		EA561B012319289900B6E9BC /* VisitorView.swift in Sources */ = {isa = PBXBuildFile; fileRef = EA561B002319289900B6E9BC /* VisitorView.swift */; };
		EA561B03231F676F00B6E9BC /* NullViewController.swift in Sources */ = {isa = PBXBuildFile; fileRef = EA561B02231F676F00B6E9BC /* NullViewController.swift */; };
		EA561B052320A81000B6E9BC /* UIBarButtonItem+Category.swift in Sources */ = {isa = PBXBuildFile; fileRef = EA561B042320A81000B6E9BC /* UIBarButtonItem+Category.swift */; };
		EA561B072320AE2000B6E9BC /* TitleButton.swift in Sources */ = {isa = PBXBuildFile; fileRef = EA561B062320AE2000B6E9BC /* TitleButton.swift */; };
		EA6B08BC23165DF600C46D54 /* AppDelegate.swift in Sources */ = {isa = PBXBuildFile; fileRef = EA6B08BB23165DF600C46D54 /* AppDelegate.swift */; };
		EA6B08C323165DF800C46D54 /* Assets.xcassets in Resources */ = {isa = PBXBuildFile; fileRef = EA6B08C223165DF800C46D54 /* Assets.xcassets */; };
		EA6B08D123165DF800C46D54 /* XLWBTests.swift in Sources */ = {isa = PBXBuildFile; fileRef = EA6B08D023165DF800C46D54 /* XLWBTests.swift */; };
		EA6B08DC23165DF800C46D54 /* XLWBUITests.swift in Sources */ = {isa = PBXBuildFile; fileRef = EA6B08DB23165DF800C46D54 /* XLWBUITests.swift */; };
		EA6B08F2231672A100C46D54 /* MainViewController.swift in Sources */ = {isa = PBXBuildFile; fileRef = EA6B08F1231672A100C46D54 /* MainViewController.swift */; };
		EA6B08F42316733800C46D54 /* HomeTableViewController.swift in Sources */ = {isa = PBXBuildFile; fileRef = EA6B08F32316733800C46D54 /* HomeTableViewController.swift */; };
		EA6B08F62316734B00C46D54 /* DiscoverTableViewController.swift in Sources */ = {isa = PBXBuildFile; fileRef = EA6B08F52316734B00C46D54 /* DiscoverTableViewController.swift */; };
		EA6B08F82316735A00C46D54 /* MessageTableViewController.swift in Sources */ = {isa = PBXBuildFile; fileRef = EA6B08F72316735A00C46D54 /* MessageTableViewController.swift */; };
		EA6B08FA2316736A00C46D54 /* ProfileTableViewController.swift in Sources */ = {isa = PBXBuildFile; fileRef = EA6B08F92316736A00C46D54 /* ProfileTableViewController.swift */; };
/* End PBXBuildFile section */

/* Begin PBXContainerItemProxy section */
		EA6B08CD23165DF800C46D54 /* PBXContainerItemProxy */ = {
			isa = PBXContainerItemProxy;
			containerPortal = EA6B08B023165DF600C46D54 /* Project object */;
			proxyType = 1;
			remoteGlobalIDString = EA6B08B723165DF600C46D54;
			remoteInfo = XLWB;
		};
		EA6B08D823165DF800C46D54 /* PBXContainerItemProxy */ = {
			isa = PBXContainerItemProxy;
			containerPortal = EA6B08B023165DF600C46D54 /* Project object */;
			proxyType = 1;
			remoteGlobalIDString = EA6B08B723165DF600C46D54;
			remoteInfo = XLWB;
		};
/* End PBXContainerItemProxy section */

/* Begin PBXFileReference section */
		0C713AC0FBE698BB217DB226 /* Pods-XLWBTests.debug.xcconfig */ = {isa = PBXFileReference; includeInIndex = 1; lastKnownFileType = text.xcconfig; name = "Pods-XLWBTests.debug.xcconfig"; path = "Target Support Files/Pods-XLWBTests/Pods-XLWBTests.debug.xcconfig"; sourceTree = "<group>"; };
		3B07ACFFA91C5CDA242ABDA7 /* Pods-XLWBTests.release.xcconfig */ = {isa = PBXFileReference; includeInIndex = 1; lastKnownFileType = text.xcconfig; name = "Pods-XLWBTests.release.xcconfig"; path = "Target Support Files/Pods-XLWBTests/Pods-XLWBTests.release.xcconfig"; sourceTree = "<group>"; };
		53820AE9E71C5CAD48D29F65 /* Pods_XLWBTests.framework */ = {isa = PBXFileReference; explicitFileType = wrapper.framework; includeInIndex = 0; path = Pods_XLWBTests.framework; sourceTree = BUILT_PRODUCTS_DIR; };
		643132514CF41D618408FD14 /* Pods_XLWB.framework */ = {isa = PBXFileReference; explicitFileType = wrapper.framework; includeInIndex = 0; path = Pods_XLWB.framework; sourceTree = BUILT_PRODUCTS_DIR; };
		7C73EE3A150039531362BA6D /* Pods-XLWB.release.xcconfig */ = {isa = PBXFileReference; includeInIndex = 1; lastKnownFileType = text.xcconfig; name = "Pods-XLWB.release.xcconfig"; path = "Target Support Files/Pods-XLWB/Pods-XLWB.release.xcconfig"; sourceTree = "<group>"; };
		83301192428851E842CCEA8A /* Pods-XLWB.debug.xcconfig */ = {isa = PBXFileReference; includeInIndex = 1; lastKnownFileType = text.xcconfig; name = "Pods-XLWB.debug.xcconfig"; path = "Target Support Files/Pods-XLWB/Pods-XLWB.debug.xcconfig"; sourceTree = "<group>"; };
		D3034A825780CB42788118A9 /* Pods-XLWBUITests.release.xcconfig */ = {isa = PBXFileReference; includeInIndex = 1; lastKnownFileType = text.xcconfig; name = "Pods-XLWBUITests.release.xcconfig"; path = "Target Support Files/Pods-XLWBUITests/Pods-XLWBUITests.release.xcconfig"; sourceTree = "<group>"; };
		D36D01137BB1F7496DEA3500 /* Pods_XLWBUITests.framework */ = {isa = PBXFileReference; explicitFileType = wrapper.framework; includeInIndex = 0; path = Pods_XLWBUITests.framework; sourceTree = BUILT_PRODUCTS_DIR; };
		E2014FFEF0625B213BC9F26D /* Pods-XLWBUITests.debug.xcconfig */ = {isa = PBXFileReference; includeInIndex = 1; lastKnownFileType = text.xcconfig; name = "Pods-XLWBUITests.debug.xcconfig"; path = "Target Support Files/Pods-XLWBUITests/Pods-XLWBUITests.debug.xcconfig"; sourceTree = "<group>"; };
		EA561AFE231922E800B6E9BC /* BaseTableViewController.swift */ = {isa = PBXFileReference; lastKnownFileType = sourcecode.swift; path = BaseTableViewController.swift; sourceTree = "<group>"; };
		EA561B002319289900B6E9BC /* VisitorView.swift */ = {isa = PBXFileReference; lastKnownFileType = sourcecode.swift; path = VisitorView.swift; sourceTree = "<group>"; };
		EA561B02231F676F00B6E9BC /* NullViewController.swift */ = {isa = PBXFileReference; lastKnownFileType = sourcecode.swift; path = NullViewController.swift; sourceTree = "<group>"; };
		EA561B042320A81000B6E9BC /* UIBarButtonItem+Category.swift */ = {isa = PBXFileReference; lastKnownFileType = sourcecode.swift; path = "UIBarButtonItem+Category.swift"; sourceTree = "<group>"; };
		EA561B062320AE2000B6E9BC /* TitleButton.swift */ = {isa = PBXFileReference; lastKnownFileType = sourcecode.swift; path = TitleButton.swift; sourceTree = "<group>"; };
		EA6B08B823165DF600C46D54 /* XLWB.app */ = {isa = PBXFileReference; explicitFileType = wrapper.application; includeInIndex = 0; path = XLWB.app; sourceTree = BUILT_PRODUCTS_DIR; };
		EA6B08BB23165DF600C46D54 /* AppDelegate.swift */ = {isa = PBXFileReference; lastKnownFileType = sourcecode.swift; path = AppDelegate.swift; sourceTree = "<group>"; };
		EA6B08C223165DF800C46D54 /* Assets.xcassets */ = {isa = PBXFileReference; lastKnownFileType = folder.assetcatalog; path = Assets.xcassets; sourceTree = "<group>"; };
		EA6B08C723165DF800C46D54 /* Info.plist */ = {isa = PBXFileReference; lastKnownFileType = text.plist.xml; path = Info.plist; sourceTree = "<group>"; };
		EA6B08CC23165DF800C46D54 /* XLWBTests.xctest */ = {isa = PBXFileReference; explicitFileType = wrapper.cfbundle; includeInIndex = 0; path = XLWBTests.xctest; sourceTree = BUILT_PRODUCTS_DIR; };
		EA6B08D023165DF800C46D54 /* XLWBTests.swift */ = {isa = PBXFileReference; lastKnownFileType = sourcecode.swift; path = XLWBTests.swift; sourceTree = "<group>"; };
		EA6B08D223165DF800C46D54 /* Info.plist */ = {isa = PBXFileReference; lastKnownFileType = text.plist.xml; path = Info.plist; sourceTree = "<group>"; };
		EA6B08D723165DF800C46D54 /* XLWBUITests.xctest */ = {isa = PBXFileReference; explicitFileType = wrapper.cfbundle; includeInIndex = 0; path = XLWBUITests.xctest; sourceTree = BUILT_PRODUCTS_DIR; };
		EA6B08DB23165DF800C46D54 /* XLWBUITests.swift */ = {isa = PBXFileReference; lastKnownFileType = sourcecode.swift; path = XLWBUITests.swift; sourceTree = "<group>"; };
		EA6B08DD23165DF800C46D54 /* Info.plist */ = {isa = PBXFileReference; lastKnownFileType = text.plist.xml; path = Info.plist; sourceTree = "<group>"; };
		EA6B08F1231672A100C46D54 /* MainViewController.swift */ = {isa = PBXFileReference; lastKnownFileType = sourcecode.swift; path = MainViewController.swift; sourceTree = "<group>"; };
		EA6B08F32316733800C46D54 /* HomeTableViewController.swift */ = {isa = PBXFileReference; lastKnownFileType = sourcecode.swift; path = HomeTableViewController.swift; sourceTree = "<group>"; };
		EA6B08F52316734B00C46D54 /* DiscoverTableViewController.swift */ = {isa = PBXFileReference; lastKnownFileType = sourcecode.swift; path = DiscoverTableViewController.swift; sourceTree = "<group>"; };
		EA6B08F72316735A00C46D54 /* MessageTableViewController.swift */ = {isa = PBXFileReference; lastKnownFileType = sourcecode.swift; path = MessageTableViewController.swift; sourceTree = "<group>"; };
		EA6B08F92316736A00C46D54 /* ProfileTableViewController.swift */ = {isa = PBXFileReference; lastKnownFileType = sourcecode.swift; path = ProfileTableViewController.swift; sourceTree = "<group>"; };
/* End PBXFileReference section */

/* Begin PBXFrameworksBuildPhase section */
		EA6B08B523165DF600C46D54 /* Frameworks */ = {
			isa = PBXFrameworksBuildPhase;
			buildActionMask = 2147483647;
			files = (
				514A1F92F863ED6FC53E3B9B /* Pods_XLWB.framework in Frameworks */,
			);
			runOnlyForDeploymentPostprocessing = 0;
		};
		EA6B08C923165DF800C46D54 /* Frameworks */ = {
			isa = PBXFrameworksBuildPhase;
			buildActionMask = 2147483647;
			files = (
				5D81B3284097D1326322B9E4 /* Pods_XLWBTests.framework in Frameworks */,
			);
			runOnlyForDeploymentPostprocessing = 0;
		};
		EA6B08D423165DF800C46D54 /* Frameworks */ = {
			isa = PBXFrameworksBuildPhase;
			buildActionMask = 2147483647;
			files = (
				0D5CA3B7C705AE4DB7F8C16D /* Pods_XLWBUITests.framework in Frameworks */,
			);
			runOnlyForDeploymentPostprocessing = 0;
		};
/* End PBXFrameworksBuildPhase section */

/* Begin PBXGroup section */
		3B432759CDEE5BF2D378723F /* Pods */ = {
			isa = PBXGroup;
			children = (
				83301192428851E842CCEA8A /* Pods-XLWB.debug.xcconfig */,
				7C73EE3A150039531362BA6D /* Pods-XLWB.release.xcconfig */,
				0C713AC0FBE698BB217DB226 /* Pods-XLWBTests.debug.xcconfig */,
				3B07ACFFA91C5CDA242ABDA7 /* Pods-XLWBTests.release.xcconfig */,
				E2014FFEF0625B213BC9F26D /* Pods-XLWBUITests.debug.xcconfig */,
				D3034A825780CB42788118A9 /* Pods-XLWBUITests.release.xcconfig */,
			);
			path = Pods;
			sourceTree = "<group>";
		};
		EA6B08AF23165DF600C46D54 = {
			isa = PBXGroup;
			children = (
				EA6B08BA23165DF600C46D54 /* XLWB */,
				EA6B08CF23165DF800C46D54 /* XLWBTests */,
				EA6B08DA23165DF800C46D54 /* XLWBUITests */,
				EA6B08B923165DF600C46D54 /* Products */,
				3B432759CDEE5BF2D378723F /* Pods */,
				F0C32270D08364DFE0A8C0CD /* Frameworks */,
			);
			sourceTree = "<group>";
		};
		EA6B08B923165DF600C46D54 /* Products */ = {
			isa = PBXGroup;
			children = (
				EA6B08B823165DF600C46D54 /* XLWB.app */,
				EA6B08CC23165DF800C46D54 /* XLWBTests.xctest */,
				EA6B08D723165DF800C46D54 /* XLWBUITests.xctest */,
			);
			name = Products;
			sourceTree = "<group>";
		};
		EA6B08BA23165DF600C46D54 /* XLWB */ = {
			isa = PBXGroup;
			children = (
				EA6B08BB23165DF600C46D54 /* AppDelegate.swift */,
				EA6B08E92316720000C46D54 /* Classes */,
				EA6B08C223165DF800C46D54 /* Assets.xcassets */,
				EA6B08C723165DF800C46D54 /* Info.plist */,
			);
			path = XLWB;
			sourceTree = "<group>";
		};
		EA6B08CF23165DF800C46D54 /* XLWBTests */ = {
			isa = PBXGroup;
			children = (
				EA6B08D023165DF800C46D54 /* XLWBTests.swift */,
				EA6B08D223165DF800C46D54 /* Info.plist */,
			);
			path = XLWBTests;
			sourceTree = "<group>";
		};
		EA6B08DA23165DF800C46D54 /* XLWBUITests */ = {
			isa = PBXGroup;
			children = (
				EA6B08DB23165DF800C46D54 /* XLWBUITests.swift */,
				EA6B08DD23165DF800C46D54 /* Info.plist */,
			);
			path = XLWBUITests;
			sourceTree = "<group>";
		};
		EA6B08E92316720000C46D54 /* Classes */ = {
			isa = PBXGroup;
			children = (
				EA6B08EB2316720000C46D54 /* Tools */,
				EA6B08F02316720000C46D54 /* Main */,
				EA6B08EA2316720000C46D54 /* Home */,
				EA6B08EC2316720000C46D54 /* Discover */,
				EA6B08ED2316720000C46D54 /* Message */,
				EA6B08EE2316720000C46D54 /* Common */,
				EA6B08EF2316720000C46D54 /* Profile */,
			);
			path = Classes;
			sourceTree = "<group>";
		};
		EA6B08EA2316720000C46D54 /* Home */ = {
			isa = PBXGroup;
			children = (
				EA6B08F32316733800C46D54 /* HomeTableViewController.swift */,
			);
			path = Home;
			sourceTree = "<group>";
		};
		EA6B08EB2316720000C46D54 /* Tools */ = {
			isa = PBXGroup;
			children = (
			);
			path = Tools;
			sourceTree = "<group>";
		};
		EA6B08EC2316720000C46D54 /* Discover */ = {
			isa = PBXGroup;
			children = (
				EA6B08F52316734B00C46D54 /* DiscoverTableViewController.swift */,
			);
			path = Discover;
			sourceTree = "<group>";
		};
		EA6B08ED2316720000C46D54 /* Message */ = {
			isa = PBXGroup;
			children = (
				EA6B08F72316735A00C46D54 /* MessageTableViewController.swift */,
			);
			path = Message;
			sourceTree = "<group>";
		};
		EA6B08EE2316720000C46D54 /* Common */ = {
			isa = PBXGroup;
			children = (
				EA561B042320A81000B6E9BC /* UIBarButtonItem+Category.swift */,
				EA561B062320AE2000B6E9BC /* TitleButton.swift */,
			);
			path = Common;
			sourceTree = "<group>";
		};
		EA6B08EF2316720000C46D54 /* Profile */ = {
			isa = PBXGroup;
			children = (
				EA6B08F92316736A00C46D54 /* ProfileTableViewController.swift */,
			);
			path = Profile;
			sourceTree = "<group>";
		};
		EA6B08F02316720000C46D54 /* Main */ = {
			isa = PBXGroup;
			children = (
				EA6B08F1231672A100C46D54 /* MainViewController.swift */,
				EA561AFE231922E800B6E9BC /* BaseTableViewController.swift */,
				EA561B002319289900B6E9BC /* VisitorView.swift */,
				EA561B02231F676F00B6E9BC /* NullViewController.swift */,
			);
			path = Main;
			sourceTree = "<group>";
		};
		F0C32270D08364DFE0A8C0CD /* Frameworks */ = {
			isa = PBXGroup;
			children = (
				643132514CF41D618408FD14 /* Pods_XLWB.framework */,
				53820AE9E71C5CAD48D29F65 /* Pods_XLWBTests.framework */,
				D36D01137BB1F7496DEA3500 /* Pods_XLWBUITests.framework */,
			);
			name = Frameworks;
			sourceTree = "<group>";
		};
/* End PBXGroup section */

/* Begin PBXNativeTarget section */
		EA6B08B723165DF600C46D54 /* XLWB */ = {
			isa = PBXNativeTarget;
			buildConfigurationList = EA6B08E023165DF800C46D54 /* Build configuration list for PBXNativeTarget "XLWB" */;
			buildPhases = (
				0CB3CAA7C78584C5702D9E18 /* [CP] Check Pods Manifest.lock */,
				EA6B08B423165DF600C46D54 /* Sources */,
				EA6B08B523165DF600C46D54 /* Frameworks */,
				EA6B08B623165DF600C46D54 /* Resources */,
				B4984E21CCC0B933E6C1FDF8 /* [CP] Embed Pods Frameworks */,
			);
			buildRules = (
			);
			dependencies = (
			);
			name = XLWB;
			productName = XLWB;
			productReference = EA6B08B823165DF600C46D54 /* XLWB.app */;
			productType = "com.apple.product-type.application";
		};
		EA6B08CB23165DF800C46D54 /* XLWBTests */ = {
			isa = PBXNativeTarget;
			buildConfigurationList = EA6B08E323165DF800C46D54 /* Build configuration list for PBXNativeTarget "XLWBTests" */;
			buildPhases = (
				A951DC5F8915C98C3CCDD5B5 /* [CP] Check Pods Manifest.lock */,
				EA6B08C823165DF800C46D54 /* Sources */,
				EA6B08C923165DF800C46D54 /* Frameworks */,
				EA6B08CA23165DF800C46D54 /* Resources */,
			);
			buildRules = (
			);
			dependencies = (
				EA6B08CE23165DF800C46D54 /* PBXTargetDependency */,
			);
			name = XLWBTests;
			productName = XLWBTests;
			productReference = EA6B08CC23165DF800C46D54 /* XLWBTests.xctest */;
			productType = "com.apple.product-type.bundle.unit-test";
		};
		EA6B08D623165DF800C46D54 /* XLWBUITests */ = {
			isa = PBXNativeTarget;
			buildConfigurationList = EA6B08E623165DF800C46D54 /* Build configuration list for PBXNativeTarget "XLWBUITests" */;
			buildPhases = (
				0A77CA048A02EA95CA2BB784 /* [CP] Check Pods Manifest.lock */,
				EA6B08D323165DF800C46D54 /* Sources */,
				EA6B08D423165DF800C46D54 /* Frameworks */,
				EA6B08D523165DF800C46D54 /* Resources */,
			);
			buildRules = (
			);
			dependencies = (
				EA6B08D923165DF800C46D54 /* PBXTargetDependency */,
			);
			name = XLWBUITests;
			productName = XLWBUITests;
			productReference = EA6B08D723165DF800C46D54 /* XLWBUITests.xctest */;
			productType = "com.apple.product-type.bundle.ui-testing";
		};
/* End PBXNativeTarget section */

/* Begin PBXProject section */
		EA6B08B023165DF600C46D54 /* Project object */ = {
			isa = PBXProject;
			attributes = {
				LastSwiftUpdateCheck = 1030;
				LastUpgradeCheck = 1030;
				ORGANIZATIONNAME = CoderZQ;
				TargetAttributes = {
					EA6B08B723165DF600C46D54 = {
						CreatedOnToolsVersion = 10.3;
					};
					EA6B08CB23165DF800C46D54 = {
						CreatedOnToolsVersion = 10.3;
						TestTargetID = EA6B08B723165DF600C46D54;
					};
					EA6B08D623165DF800C46D54 = {
						CreatedOnToolsVersion = 10.3;
						TestTargetID = EA6B08B723165DF600C46D54;
					};
				};
			};
			buildConfigurationList = EA6B08B323165DF600C46D54 /* Build configuration list for PBXProject "XLWB" */;
			compatibilityVersion = "Xcode 9.3";
			developmentRegion = en;
			hasScannedForEncodings = 0;
			knownRegions = (
				en,
				Base,
			);
			mainGroup = EA6B08AF23165DF600C46D54;
			productRefGroup = EA6B08B923165DF600C46D54 /* Products */;
			projectDirPath = "";
			projectRoot = "";
			targets = (
				EA6B08B723165DF600C46D54 /* XLWB */,
				EA6B08CB23165DF800C46D54 /* XLWBTests */,
				EA6B08D623165DF800C46D54 /* XLWBUITests */,
			);
		};
/* End PBXProject section */

/* Begin PBXResourcesBuildPhase section */
		EA6B08B623165DF600C46D54 /* Resources */ = {
			isa = PBXResourcesBuildPhase;
			buildActionMask = 2147483647;
			files = (
				EA6B08C323165DF800C46D54 /* Assets.xcassets in Resources */,
			);
			runOnlyForDeploymentPostprocessing = 0;
		};
		EA6B08CA23165DF800C46D54 /* Resources */ = {
			isa = PBXResourcesBuildPhase;
			buildActionMask = 2147483647;
			files = (
			);
			runOnlyForDeploymentPostprocessing = 0;
		};
		EA6B08D523165DF800C46D54 /* Resources */ = {
			isa = PBXResourcesBuildPhase;
			buildActionMask = 2147483647;
			files = (
			);
			runOnlyForDeploymentPostprocessing = 0;
		};
/* End PBXResourcesBuildPhase section */

/* Begin PBXShellScriptBuildPhase section */
		0A77CA048A02EA95CA2BB784 /* [CP] Check Pods Manifest.lock */ = {
			isa = PBXShellScriptBuildPhase;
			buildActionMask = 2147483647;
			files = (
			);
			inputFileListPaths = (
			);
			inputPaths = (
				"${PODS_PODFILE_DIR_PATH}/Podfile.lock",
				"${PODS_ROOT}/Manifest.lock",
			);
			name = "[CP] Check Pods Manifest.lock";
			outputFileListPaths = (
			);
			outputPaths = (
				"$(DERIVED_FILE_DIR)/Pods-XLWBUITests-checkManifestLockResult.txt",
			);
			runOnlyForDeploymentPostprocessing = 0;
			shellPath = /bin/sh;
			shellScript = "diff \"${PODS_PODFILE_DIR_PATH}/Podfile.lock\" \"${PODS_ROOT}/Manifest.lock\" > /dev/null\nif [ $? != 0 ] ; then\n    # print error to STDERR\n    echo \"error: The sandbox is not in sync with the Podfile.lock. Run 'pod install' or update your CocoaPods installation.\" >&2\n    exit 1\nfi\n# This output is used by Xcode 'outputs' to avoid re-running this script phase.\necho \"SUCCESS\" > \"${SCRIPT_OUTPUT_FILE_0}\"\n";
			showEnvVarsInLog = 0;
		};
		0CB3CAA7C78584C5702D9E18 /* [CP] Check Pods Manifest.lock */ = {
			isa = PBXShellScriptBuildPhase;
			buildActionMask = 2147483647;
			files = (
			);
			inputFileListPaths = (
			);
			inputPaths = (
				"${PODS_PODFILE_DIR_PATH}/Podfile.lock",
				"${PODS_ROOT}/Manifest.lock",
			);
			name = "[CP] Check Pods Manifest.lock";
			outputFileListPaths = (
			);
			outputPaths = (
				"$(DERIVED_FILE_DIR)/Pods-XLWB-checkManifestLockResult.txt",
			);
			runOnlyForDeploymentPostprocessing = 0;
			shellPath = /bin/sh;
			shellScript = "diff \"${PODS_PODFILE_DIR_PATH}/Podfile.lock\" \"${PODS_ROOT}/Manifest.lock\" > /dev/null\nif [ $? != 0 ] ; then\n    # print error to STDERR\n    echo \"error: The sandbox is not in sync with the Podfile.lock. Run 'pod install' or update your CocoaPods installation.\" >&2\n    exit 1\nfi\n# This output is used by Xcode 'outputs' to avoid re-running this script phase.\necho \"SUCCESS\" > \"${SCRIPT_OUTPUT_FILE_0}\"\n";
			showEnvVarsInLog = 0;
		};
		A951DC5F8915C98C3CCDD5B5 /* [CP] Check Pods Manifest.lock */ = {
			isa = PBXShellScriptBuildPhase;
			buildActionMask = 2147483647;
			files = (
			);
			inputFileListPaths = (
			);
			inputPaths = (
				"${PODS_PODFILE_DIR_PATH}/Podfile.lock",
				"${PODS_ROOT}/Manifest.lock",
			);
			name = "[CP] Check Pods Manifest.lock";
			outputFileListPaths = (
			);
			outputPaths = (
				"$(DERIVED_FILE_DIR)/Pods-XLWBTests-checkManifestLockResult.txt",
			);
			runOnlyForDeploymentPostprocessing = 0;
			shellPath = /bin/sh;
			shellScript = "diff \"${PODS_PODFILE_DIR_PATH}/Podfile.lock\" \"${PODS_ROOT}/Manifest.lock\" > /dev/null\nif [ $? != 0 ] ; then\n    # print error to STDERR\n    echo \"error: The sandbox is not in sync with the Podfile.lock. Run 'pod install' or update your CocoaPods installation.\" >&2\n    exit 1\nfi\n# This output is used by Xcode 'outputs' to avoid re-running this script phase.\necho \"SUCCESS\" > \"${SCRIPT_OUTPUT_FILE_0}\"\n";
			showEnvVarsInLog = 0;
		};
		B4984E21CCC0B933E6C1FDF8 /* [CP] Embed Pods Frameworks */ = {
			isa = PBXShellScriptBuildPhase;
			buildActionMask = 2147483647;
			files = (
			);
			inputFileListPaths = (
				"${PODS_ROOT}/Target Support Files/Pods-XLWB/Pods-XLWB-frameworks-${CONFIGURATION}-input-files.xcfilelist",
			);
			name = "[CP] Embed Pods Frameworks";
			outputFileListPaths = (
				"${PODS_ROOT}/Target Support Files/Pods-XLWB/Pods-XLWB-frameworks-${CONFIGURATION}-output-files.xcfilelist",
			);
			runOnlyForDeploymentPostprocessing = 0;
			shellPath = /bin/sh;
			shellScript = "\"${PODS_ROOT}/Target Support Files/Pods-XLWB/Pods-XLWB-frameworks.sh\"\n";
			showEnvVarsInLog = 0;
		};
/* End PBXShellScriptBuildPhase section */

/* Begin PBXSourcesBuildPhase section */
		EA6B08B423165DF600C46D54 /* Sources */ = {
			isa = PBXSourcesBuildPhase;
			buildActionMask = 2147483647;
			files = (
				EA6B08FA2316736A00C46D54 /* ProfileTableViewController.swift in Sources */,
				EA6B08F42316733800C46D54 /* HomeTableViewController.swift in Sources */,
				EA6B08F2231672A100C46D54 /* MainViewController.swift in Sources */,
				EA561AFF231922E800B6E9BC /* BaseTableViewController.swift in Sources */,
				EA561B072320AE2000B6E9BC /* TitleButton.swift in Sources */,
				EA561B03231F676F00B6E9BC /* NullViewController.swift in Sources */,
				EA6B08F62316734B00C46D54 /* DiscoverTableViewController.swift in Sources */,
				EA6B08F82316735A00C46D54 /* MessageTableViewController.swift in Sources */,
				EA6B08BC23165DF600C46D54 /* AppDelegate.swift in Sources */,
				EA561B052320A81000B6E9BC /* UIBarButtonItem+Category.swift in Sources */,
				EA561B012319289900B6E9BC /* VisitorView.swift in Sources */,
			);
			runOnlyForDeploymentPostprocessing = 0;
		};
		EA6B08C823165DF800C46D54 /* Sources */ = {
			isa = PBXSourcesBuildPhase;
			buildActionMask = 2147483647;
			files = (
				EA6B08D123165DF800C46D54 /* XLWBTests.swift in Sources */,
			);
			runOnlyForDeploymentPostprocessing = 0;
		};
		EA6B08D323165DF800C46D54 /* Sources */ = {
			isa = PBXSourcesBuildPhase;
			buildActionMask = 2147483647;
			files = (
				EA6B08DC23165DF800C46D54 /* XLWBUITests.swift in Sources */,
			);
			runOnlyForDeploymentPostprocessing = 0;
		};
/* End PBXSourcesBuildPhase section */

/* Begin PBXTargetDependency section */
		EA6B08CE23165DF800C46D54 /* PBXTargetDependency */ = {
			isa = PBXTargetDependency;
			target = EA6B08B723165DF600C46D54 /* XLWB */;
			targetProxy = EA6B08CD23165DF800C46D54 /* PBXContainerItemProxy */;
		};
		EA6B08D923165DF800C46D54 /* PBXTargetDependency */ = {
			isa = PBXTargetDependency;
			target = EA6B08B723165DF600C46D54 /* XLWB */;
			targetProxy = EA6B08D823165DF800C46D54 /* PBXContainerItemProxy */;
		};
/* End PBXTargetDependency section */

/* Begin XCBuildConfiguration section */
		EA6B08DE23165DF800C46D54 /* Debug */ = {
			isa = XCBuildConfiguration;
			buildSettings = {
				ALWAYS_SEARCH_USER_PATHS = NO;
				CLANG_ANALYZER_NONNULL = YES;
				CLANG_ANALYZER_NUMBER_OBJECT_CONVERSION = YES_AGGRESSIVE;
				CLANG_CXX_LANGUAGE_STANDARD = "gnu++14";
				CLANG_CXX_LIBRARY = "libc++";
				CLANG_ENABLE_MODULES = YES;
				CLANG_ENABLE_OBJC_ARC = YES;
				CLANG_ENABLE_OBJC_WEAK = YES;
				CLANG_WARN_BLOCK_CAPTURE_AUTORELEASING = YES;
				CLANG_WARN_BOOL_CONVERSION = YES;
				CLANG_WARN_COMMA = YES;
				CLANG_WARN_CONSTANT_CONVERSION = YES;
				CLANG_WARN_DEPRECATED_OBJC_IMPLEMENTATIONS = YES;
				CLANG_WARN_DIRECT_OBJC_ISA_USAGE = YES_ERROR;
				CLANG_WARN_DOCUMENTATION_COMMENTS = YES;
				CLANG_WARN_EMPTY_BODY = YES;
				CLANG_WARN_ENUM_CONVERSION = YES;
				CLANG_WARN_INFINITE_RECURSION = YES;
				CLANG_WARN_INT_CONVERSION = YES;
				CLANG_WARN_NON_LITERAL_NULL_CONVERSION = YES;
				CLANG_WARN_OBJC_IMPLICIT_RETAIN_SELF = YES;
				CLANG_WARN_OBJC_LITERAL_CONVERSION = YES;
				CLANG_WARN_OBJC_ROOT_CLASS = YES_ERROR;
				CLANG_WARN_RANGE_LOOP_ANALYSIS = YES;
				CLANG_WARN_STRICT_PROTOTYPES = YES;
				CLANG_WARN_SUSPICIOUS_MOVE = YES;
				CLANG_WARN_UNGUARDED_AVAILABILITY = YES_AGGRESSIVE;
				CLANG_WARN_UNREACHABLE_CODE = YES;
				CLANG_WARN__DUPLICATE_METHOD_MATCH = YES;
				CODE_SIGN_IDENTITY = "iPhone Developer";
				COPY_PHASE_STRIP = NO;
				DEBUG_INFORMATION_FORMAT = dwarf;
				ENABLE_STRICT_OBJC_MSGSEND = YES;
				ENABLE_TESTABILITY = YES;
				GCC_C_LANGUAGE_STANDARD = gnu11;
				GCC_DYNAMIC_NO_PIC = NO;
				GCC_NO_COMMON_BLOCKS = YES;
				GCC_OPTIMIZATION_LEVEL = 0;
				GCC_PREPROCESSOR_DEFINITIONS = (
					"DEBUG=1",
					"$(inherited)",
				);
				GCC_WARN_64_TO_32_BIT_CONVERSION = YES;
				GCC_WARN_ABOUT_RETURN_TYPE = YES_ERROR;
				GCC_WARN_UNDECLARED_SELECTOR = YES;
				GCC_WARN_UNINITIALIZED_AUTOS = YES_AGGRESSIVE;
				GCC_WARN_UNUSED_FUNCTION = YES;
				GCC_WARN_UNUSED_VARIABLE = YES;
				IPHONEOS_DEPLOYMENT_TARGET = 12.4;
				MTL_ENABLE_DEBUG_INFO = INCLUDE_SOURCE;
				MTL_FAST_MATH = YES;
				ONLY_ACTIVE_ARCH = YES;
				SDKROOT = iphoneos;
				SWIFT_ACTIVE_COMPILATION_CONDITIONS = DEBUG;
				SWIFT_OPTIMIZATION_LEVEL = "-Onone";
			};
			name = Debug;
		};
		EA6B08DF23165DF800C46D54 /* Release */ = {
			isa = XCBuildConfiguration;
			buildSettings = {
				ALWAYS_SEARCH_USER_PATHS = NO;
				CLANG_ANALYZER_NONNULL = YES;
				CLANG_ANALYZER_NUMBER_OBJECT_CONVERSION = YES_AGGRESSIVE;
				CLANG_CXX_LANGUAGE_STANDARD = "gnu++14";
				CLANG_CXX_LIBRARY = "libc++";
				CLANG_ENABLE_MODULES = YES;
				CLANG_ENABLE_OBJC_ARC = YES;
				CLANG_ENABLE_OBJC_WEAK = YES;
				CLANG_WARN_BLOCK_CAPTURE_AUTORELEASING = YES;
				CLANG_WARN_BOOL_CONVERSION = YES;
				CLANG_WARN_COMMA = YES;
				CLANG_WARN_CONSTANT_CONVERSION = YES;
				CLANG_WARN_DEPRECATED_OBJC_IMPLEMENTATIONS = YES;
				CLANG_WARN_DIRECT_OBJC_ISA_USAGE = YES_ERROR;
				CLANG_WARN_DOCUMENTATION_COMMENTS = YES;
				CLANG_WARN_EMPTY_BODY = YES;
				CLANG_WARN_ENUM_CONVERSION = YES;
				CLANG_WARN_INFINITE_RECURSION = YES;
				CLANG_WARN_INT_CONVERSION = YES;
				CLANG_WARN_NON_LITERAL_NULL_CONVERSION = YES;
				CLANG_WARN_OBJC_IMPLICIT_RETAIN_SELF = YES;
				CLANG_WARN_OBJC_LITERAL_CONVERSION = YES;
				CLANG_WARN_OBJC_ROOT_CLASS = YES_ERROR;
				CLANG_WARN_RANGE_LOOP_ANALYSIS = YES;
				CLANG_WARN_STRICT_PROTOTYPES = YES;
				CLANG_WARN_SUSPICIOUS_MOVE = YES;
				CLANG_WARN_UNGUARDED_AVAILABILITY = YES_AGGRESSIVE;
				CLANG_WARN_UNREACHABLE_CODE = YES;
				CLANG_WARN__DUPLICATE_METHOD_MATCH = YES;
				CODE_SIGN_IDENTITY = "iPhone Developer";
				COPY_PHASE_STRIP = NO;
				DEBUG_INFORMATION_FORMAT = "dwarf-with-dsym";
				ENABLE_NS_ASSERTIONS = NO;
				ENABLE_STRICT_OBJC_MSGSEND = YES;
				GCC_C_LANGUAGE_STANDARD = gnu11;
				GCC_NO_COMMON_BLOCKS = YES;
				GCC_WARN_64_TO_32_BIT_CONVERSION = YES;
				GCC_WARN_ABOUT_RETURN_TYPE = YES_ERROR;
				GCC_WARN_UNDECLARED_SELECTOR = YES;
				GCC_WARN_UNINITIALIZED_AUTOS = YES_AGGRESSIVE;
				GCC_WARN_UNUSED_FUNCTION = YES;
				GCC_WARN_UNUSED_VARIABLE = YES;
				IPHONEOS_DEPLOYMENT_TARGET = 12.4;
				MTL_ENABLE_DEBUG_INFO = NO;
				MTL_FAST_MATH = YES;
				SDKROOT = iphoneos;
				SWIFT_COMPILATION_MODE = wholemodule;
				SWIFT_OPTIMIZATION_LEVEL = "-O";
				VALIDATE_PRODUCT = YES;
			};
			name = Release;
		};
		EA6B08E123165DF800C46D54 /* Debug */ = {
			isa = XCBuildConfiguration;
			baseConfigurationReference = 83301192428851E842CCEA8A /* Pods-XLWB.debug.xcconfig */;
			buildSettings = {
				ASSETCATALOG_COMPILER_APPICON_NAME = AppIcon;
				ASSETCATALOG_COMPILER_LAUNCHIMAGE_NAME = LaunchImage;
				CODE_SIGN_IDENTITY = "iPhone Developer";
				CODE_SIGN_STYLE = Automatic;
				DEVELOPMENT_TEAM = B4Q5K659QG;
				INFOPLIST_FILE = XLWB/Info.plist;
				LD_RUNPATH_SEARCH_PATHS = (
					"$(inherited)",
					"@executable_path/Frameworks",
				);
				PRODUCT_BUNDLE_IDENTIFIER = cn.com.youngtown.XLWB;
				PRODUCT_NAME = "$(TARGET_NAME)";
				PROVISIONING_PROFILE_SPECIFIER = "";
				SWIFT_VERSION = 5.0;
				TARGETED_DEVICE_FAMILY = "1,2";
			};
			name = Debug;
		};
		EA6B08E223165DF800C46D54 /* Release */ = {
			isa = XCBuildConfiguration;
			baseConfigurationReference = 7C73EE3A150039531362BA6D /* Pods-XLWB.release.xcconfig */;
			buildSettings = {
				ASSETCATALOG_COMPILER_APPICON_NAME = AppIcon;
				ASSETCATALOG_COMPILER_LAUNCHIMAGE_NAME = LaunchImage;
				CODE_SIGN_IDENTITY = "iPhone Developer";
				CODE_SIGN_STYLE = Automatic;
				DEVELOPMENT_TEAM = B4Q5K659QG;
				INFOPLIST_FILE = XLWB/Info.plist;
				LD_RUNPATH_SEARCH_PATHS = (
					"$(inherited)",
					"@executable_path/Frameworks",
				);
				PRODUCT_BUNDLE_IDENTIFIER = cn.com.youngtown.XLWB;
				PRODUCT_NAME = "$(TARGET_NAME)";
				PROVISIONING_PROFILE_SPECIFIER = "";
				SWIFT_VERSION = 5.0;
				TARGETED_DEVICE_FAMILY = "1,2";
			};
			name = Release;
		};
		EA6B08E423165DF800C46D54 /* Debug */ = {
			isa = XCBuildConfiguration;
			baseConfigurationReference = 0C713AC0FBE698BB217DB226 /* Pods-XLWBTests.debug.xcconfig */;
			buildSettings = {
				ALWAYS_EMBED_SWIFT_STANDARD_LIBRARIES = YES;
				BUNDLE_LOADER = "$(TEST_HOST)";
				CODE_SIGN_STYLE = Automatic;
				INFOPLIST_FILE = XLWBTests/Info.plist;
				LD_RUNPATH_SEARCH_PATHS = (
					"$(inherited)",
					"@executable_path/Frameworks",
					"@loader_path/Frameworks",
				);
				PRODUCT_BUNDLE_IDENTIFIER = cn.com.youngtown.XLWBTests;
				PRODUCT_NAME = "$(TARGET_NAME)";
				SWIFT_VERSION = 5.0;
				TARGETED_DEVICE_FAMILY = "1,2";
				TEST_HOST = "$(BUILT_PRODUCTS_DIR)/XLWB.app/XLWB";
			};
			name = Debug;
		};
		EA6B08E523165DF800C46D54 /* Release */ = {
			isa = XCBuildConfiguration;
			baseConfigurationReference = 3B07ACFFA91C5CDA242ABDA7 /* Pods-XLWBTests.release.xcconfig */;
			buildSettings = {
				ALWAYS_EMBED_SWIFT_STANDARD_LIBRARIES = YES;
				BUNDLE_LOADER = "$(TEST_HOST)";
				CODE_SIGN_STYLE = Automatic;
				INFOPLIST_FILE = XLWBTests/Info.plist;
				LD_RUNPATH_SEARCH_PATHS = (
					"$(inherited)",
					"@executable_path/Frameworks",
					"@loader_path/Frameworks",
				);
				PRODUCT_BUNDLE_IDENTIFIER = cn.com.youngtown.XLWBTests;
				PRODUCT_NAME = "$(TARGET_NAME)";
				SWIFT_VERSION = 5.0;
				TARGETED_DEVICE_FAMILY = "1,2";
				TEST_HOST = "$(BUILT_PRODUCTS_DIR)/XLWB.app/XLWB";
			};
			name = Release;
		};
		EA6B08E723165DF800C46D54 /* Debug */ = {
			isa = XCBuildConfiguration;
			baseConfigurationReference = E2014FFEF0625B213BC9F26D /* Pods-XLWBUITests.debug.xcconfig */;
			buildSettings = {
				ALWAYS_EMBED_SWIFT_STANDARD_LIBRARIES = YES;
				CODE_SIGN_STYLE = Automatic;
				INFOPLIST_FILE = XLWBUITests/Info.plist;
				LD_RUNPATH_SEARCH_PATHS = (
					"$(inherited)",
					"@executable_path/Frameworks",
					"@loader_path/Frameworks",
				);
				PRODUCT_BUNDLE_IDENTIFIER = cn.com.youngtown.XLWBUITests;
				PRODUCT_NAME = "$(TARGET_NAME)";
				SWIFT_VERSION = 5.0;
				TARGETED_DEVICE_FAMILY = "1,2";
				TEST_TARGET_NAME = XLWB;
			};
			name = Debug;
		};
		EA6B08E823165DF800C46D54 /* Release */ = {
			isa = XCBuildConfiguration;
			baseConfigurationReference = D3034A825780CB42788118A9 /* Pods-XLWBUITests.release.xcconfig */;
			buildSettings = {
				ALWAYS_EMBED_SWIFT_STANDARD_LIBRARIES = YES;
				CODE_SIGN_STYLE = Automatic;
				INFOPLIST_FILE = XLWBUITests/Info.plist;
				LD_RUNPATH_SEARCH_PATHS = (
					"$(inherited)",
					"@executable_path/Frameworks",
					"@loader_path/Frameworks",
				);
				PRODUCT_BUNDLE_IDENTIFIER = cn.com.youngtown.XLWBUITests;
				PRODUCT_NAME = "$(TARGET_NAME)";
				SWIFT_VERSION = 5.0;
				TARGETED_DEVICE_FAMILY = "1,2";
				TEST_TARGET_NAME = XLWB;
			};
			name = Release;
		};
/* End XCBuildConfiguration section */

/* Begin XCConfigurationList section */
		EA6B08B323165DF600C46D54 /* Build configuration list for PBXProject "XLWB" */ = {
			isa = XCConfigurationList;
			buildConfigurations = (
				EA6B08DE23165DF800C46D54 /* Debug */,
				EA6B08DF23165DF800C46D54 /* Release */,
			);
			defaultConfigurationIsVisible = 0;
			defaultConfigurationName = Release;
		};
		EA6B08E023165DF800C46D54 /* Build configuration list for PBXNativeTarget "XLWB" */ = {
			isa = XCConfigurationList;
			buildConfigurations = (
				EA6B08E123165DF800C46D54 /* Debug */,
				EA6B08E223165DF800C46D54 /* Release */,
			);
			defaultConfigurationIsVisible = 0;
			defaultConfigurationName = Release;
		};
		EA6B08E323165DF800C46D54 /* Build configuration list for PBXNativeTarget "XLWBTests" */ = {
			isa = XCConfigurationList;
			buildConfigurations = (
				EA6B08E423165DF800C46D54 /* Debug */,
				EA6B08E523165DF800C46D54 /* Release */,
			);
			defaultConfigurationIsVisible = 0;
			defaultConfigurationName = Release;
		};
		EA6B08E623165DF800C46D54 /* Build configuration list for PBXNativeTarget "XLWBUITests" */ = {
			isa = XCConfigurationList;
			buildConfigurations = (
				EA6B08E723165DF800C46D54 /* Debug */,
				EA6B08E823165DF800C46D54 /* Release */,
			);
			defaultConfigurationIsVisible = 0;
			defaultConfigurationName = Release;
		};
/* End XCConfigurationList section */
	};
	rootObject = EA6B08B023165DF600C46D54 /* Project object */;
}
